
Microsoft Visual Studio Solution File, Format Version 12.00
# Visual Studio Version 17
VisualStudioVersion = 17.0.31903.59
MinimumVisualStudioVersion = 10.0.40219.1
Project("{FAE04EC0-301F-11D3-BF4B-00C04F79EFBC}") = "Shopping.Api", "Shopping.Api\Shopping.Api.csproj", "{692CE12A-B9D9-4135-9646-11F97BB2ABC7}"
EndProject
Project("{FAE04EC0-301F-11D3-BF4B-00C04F79EFBC}") = "Shopping.Coupon", "Shopping.Coupon\Shopping.Coupon.csproj", "{46756C4B-4F03-4557-A6C6-578D08AA0C2C}"
EndProject
Project("{FAE04EC0-301F-11D3-BF4B-00C04F79EFBC}") = "Shopping.Car", "Shopping.Car\Shopping.Car.csproj", "{0E75F116-B90C-4806-B42F-C3E680A8E713}"
EndProject
Project("{FAE04EC0-301F-11D3-BF4B-00C04F79EFBC}") = "Shopping.MessageBus", "Shopping.MessageBus\Shopping.MessageBus.csproj", "{062F75C1-2476-4535-A23F-3DAFF7E85E2E}"
EndProject
Project("{FAE04EC0-301F-11D3-BF4B-00C04F79EFBC}") = "Shopping.Order", "Shopping.Order\Shopping.Order.csproj", "{B477B507-03E1-40EA-B821-C2E19D81BA46}"
EndProject
Global
	GlobalSection(SolutionProperties) = preSolution
		HideSolutionNode = FALSE
	EndGlobalSection
	GlobalSection(SolutionConfigurationPlatforms) = preSolution
		Debug|Any CPU = Debug|Any CPU
		Debug|x64 = Debug|x64
		Debug|x86 = Debug|x86
		Release|Any CPU = Release|Any CPU
		Release|x64 = Release|x64
		Release|x86 = Release|x86
	EndGlobalSection
	GlobalSection(ProjectConfigurationPlatforms) = postSolution
		{692CE12A-B9D9-4135-9646-11F97BB2ABC7}.Debug|Any CPU.ActiveCfg = Debug|Any CPU
		{692CE12A-B9D9-4135-9646-11F97BB2ABC7}.Debug|Any CPU.Build.0 = Debug|Any CPU
		{692CE12A-B9D9-4135-9646-11F97BB2ABC7}.Debug|x64.ActiveCfg = Debug|Any CPU
		{692CE12A-B9D9-4135-9646-11F97BB2ABC7}.Debug|x64.Build.0 = Debug|Any CPU
		{692CE12A-B9D9-4135-9646-11F97BB2ABC7}.Debug|x86.ActiveCfg = Debug|Any CPU
		{692CE12A-B9D9-4135-9646-11F97BB2ABC7}.Debug|x86.Build.0 = Debug|Any CPU
		{692CE12A-B9D9-4135-9646-11F97BB2ABC7}.Release|Any CPU.ActiveCfg = Release|Any CPU
		{692CE12A-B9D9-4135-9646-11F97BB2ABC7}.Release|Any CPU.Build.0 = Release|Any CPU
		{692CE12A-B9D9-4135-9646-11F97BB2ABC7}.Release|x64.ActiveCfg = Release|Any CPU
		{692CE12A-B9D9-4135-9646-11F97BB2ABC7}.Release|x64.Build.0 = Release|Any CPU
		{692CE12A-B9D9-4135-9646-11F97BB2ABC7}.Release|x86.ActiveCfg = Release|Any CPU
		{692CE12A-B9D9-4135-9646-11F97BB2ABC7}.Release|x86.Build.0 = Release|Any CPU
		{46756C4B-4F03-4557-A6C6-578D08AA0C2C}.Debug|Any CPU.ActiveCfg = Debug|Any CPU
		{46756C4B-4F03-4557-A6C6-578D08AA0C2C}.Debug|Any CPU.Build.0 = Debug|Any CPU
		{46756C4B-4F03-4557-A6C6-578D08AA0C2C}.Debug|x64.ActiveCfg = Debug|Any CPU
		{46756C4B-4F03-4557-A6C6-578D08AA0C2C}.Debug|x64.Build.0 = Debug|Any CPU
		{46756C4B-4F03-4557-A6C6-578D08AA0C2C}.Debug|x86.ActiveCfg = Debug|Any CPU
		{46756C4B-4F03-4557-A6C6-578D08AA0C2C}.Debug|x86.Build.0 = Debug|Any CPU
		{46756C4B-4F03-4557-A6C6-578D08AA0C2C}.Release|Any CPU.ActiveCfg = Release|Any CPU
		{46756C4B-4F03-4557-A6C6-578D08AA0C2C}.Release|Any CPU.Build.0 = Release|Any CPU
		{46756C4B-4F03-4557-A6C6-578D08AA0C2C}.Release|x64.ActiveCfg = Release|Any CPU
		{46756C4B-4F03-4557-A6C6-578D08AA0C2C}.Release|x64.Build.0 = Release|Any CPU
		{46756C4B-4F03-4557-A6C6-578D08AA0C2C}.Release|x86.ActiveCfg = Release|Any CPU
		{46756C4B-4F03-4557-A6C6-578D08AA0C2C}.Release|x86.Build.0 = Release|Any CPU
		{0E75F116-B90C-4806-B42F-C3E680A8E713}.Debug|Any CPU.ActiveCfg = Debug|Any CPU
		{0E75F116-B90C-4806-B42F-C3E680A8E713}.Debug|Any CPU.Build.0 = Debug|Any CPU
		{0E75F116-B90C-4806-B42F-C3E680A8E713}.Debug|x64.ActiveCfg = Debug|Any CPU
		{0E75F116-B90C-4806-B42F-C3E680A8E713}.Debug|x64.Build.0 = Debug|Any CPU
		{0E75F116-B90C-4806-B42F-C3E680A8E713}.Debug|x86.ActiveCfg = Debug|Any CPU
		{0E75F116-B90C-4806-B42F-C3E680A8E713}.Debug|x86.Build.0 = Debug|Any CPU
		{0E75F116-B90C-4806-B42F-C3E680A8E713}.Release|Any CPU.ActiveCfg = Release|Any CPU
		{0E75F116-B90C-4806-B42F-C3E680A8E713}.Release|Any CPU.Build.0 = Release|Any CPU
		{0E75F116-B90C-4806-B42F-C3E680A8E713}.Release|x64.ActiveCfg = Release|Any CPU
		{0E75F116-B90C-4806-B42F-C3E680A8E713}.Release|x64.Build.0 = Release|Any CPU
		{0E75F116-B90C-4806-B42F-C3E680A8E713}.Release|x86.ActiveCfg = Release|Any CPU
		{0E75F116-B90C-4806-B42F-C3E680A8E713}.Release|x86.Build.0 = Release|Any CPU
		{062F75C1-2476-4535-A23F-3DAFF7E85E2E}.Debug|Any CPU.ActiveCfg = Debug|Any CPU
		{062F75C1-2476-4535-A23F-3DAFF7E85E2E}.Debug|Any CPU.Build.0 = Debug|Any CPU
		{062F75C1-2476-4535-A23F-3DAFF7E85E2E}.Debug|x64.ActiveCfg = Debug|Any CPU
		{062F75C1-2476-4535-A23F-3DAFF7E85E2E}.Debug|x64.Build.0 = Debug|Any CPU
		{062F75C1-2476-4535-A23F-3DAFF7E85E2E}.Debug|x86.ActiveCfg = Debug|Any CPU
		{062F75C1-2476-4535-A23F-3DAFF7E85E2E}.Debug|x86.Build.0 = Debug|Any CPU
		{062F75C1-2476-4535-A23F-3DAFF7E85E2E}.Release|Any CPU.ActiveCfg = Release|Any CPU
		{062F75C1-2476-4535-A23F-3DAFF7E85E2E}.Release|Any CPU.Build.0 = Release|Any CPU
		{062F75C1-2476-4535-A23F-3DAFF7E85E2E}.Release|x64.ActiveCfg = Release|Any CPU
		{062F75C1-2476-4535-A23F-3DAFF7E85E2E}.Release|x64.Build.0 = Release|Any CPU
		{062F75C1-2476-4535-A23F-3DAFF7E85E2E}.Release|x86.ActiveCfg = Release|Any CPU
		{062F75C1-2476-4535-A23F-3DAFF7E85E2E}.Release|x86.Build.0 = Release|Any CPU
		{B477B507-03E1-40EA-B821-C2E19D81BA46}.Debug|Any CPU.ActiveCfg = Debug|Any CPU
		{B477B507-03E1-40EA-B821-C2E19D81BA46}.Debug|Any CPU.Build.0 = Debug|Any CPU
		{B477B507-03E1-40EA-B821-C2E19D81BA46}.Debug|x64.ActiveCfg = Debug|Any CPU
		{B477B507-03E1-40EA-B821-C2E19D81BA46}.Debug|x64.Build.0 = Debug|Any CPU
		{B477B507-03E1-40EA-B821-C2E19D81BA46}.Debug|x86.ActiveCfg = Debug|Any CPU
		{B477B507-03E1-40EA-B821-C2E19D81BA46}.Debug|x86.Build.0 = Debug|Any CPU
		{B477B507-03E1-40EA-B821-C2E19D81BA46}.Release|Any CPU.ActiveCfg = Release|Any CPU
		{B477B507-03E1-40EA-B821-C2E19D81BA46}.Release|Any CPU.Build.0 = Release|Any CPU
		{B477B507-03E1-40EA-B821-C2E19D81BA46}.Release|x64.ActiveCfg = Release|Any CPU
		{B477B507-03E1-40EA-B821-C2E19D81BA46}.Release|x64.Build.0 = Release|Any CPU
		{B477B507-03E1-40EA-B821-C2E19D81BA46}.Release|x86.ActiveCfg = Release|Any CPU
		{B477B507-03E1-40EA-B821-C2E19D81BA46}.Release|x86.Build.0 = Release|Any CPU
	EndGlobalSection
EndGlobal
